// !$*UTF8*$!
{
	archiveVersion = 1;
	classes = {
	};
	objectVersion = 45;
	objects = {

/* Begin PBXBuildFile section */
		540723DB0E3DD25B00B598A2 /* MainWindow.xib in Resources */ = {isa = PBXBuildFile; fileRef = 28AD733E0D9D9553002E5188 /* MainWindow.xib */; };
		540723DC0E3DD25B00B598A2 /* lena.jpg in Resources */ = {isa = PBXBuildFile; fileRef = 5452E0090E3D08AA00FE4518 /* lena.jpg */; };
		540723DE0E3DD25B00B598A2 /* main.m in Sources */ = {isa = PBXBuildFile; fileRef = 29B97316FDCFA39411CA2CEA /* main.m */; };
		540723DF0E3DD25B00B598A2 /* OpenCVTestAppDelegate.m in Sources */ = {isa = PBXBuildFile; fileRef = 1D3623250D0F684500981E51 /* OpenCVTestAppDelegate.m */; };
		540723E00E3DD25B00B598A2 /* OpenCVTestViewController.m in Sources */ = {isa = PBXBuildFile; fileRef = 28D7ACF70DDB3853001CB0EB /* OpenCVTestViewController.m */; };
		540723E20E3DD25B00B598A2 /* Foundation.framework in Frameworks */ = {isa = PBXBuildFile; fileRef = 1D30AB110D05D00D00671497 /* Foundation.framework */; };
		540723E30E3DD25B00B598A2 /* UIKit.framework in Frameworks */ = {isa = PBXBuildFile; fileRef = 1DF5F4DF0D08C38300B7A737 /* UIKit.framework */; };
		540723E40E3DD25B00B598A2 /* CoreGraphics.framework in Frameworks */ = {isa = PBXBuildFile; fileRef = 5452E0730E3D119700FE4518 /* CoreGraphics.framework */; };
		540ABC6B0E3E1C5300E30885 /* haarcascade_frontalface_default.xml in Resources */ = {isa = PBXBuildFile; fileRef = 540ABC6A0E3E1C5300E30885 /* haarcascade_frontalface_default.xml */; };
		540ABCF60E3E280700E30885 /* Icon.png in Resources */ = {isa = PBXBuildFile; fileRef = 540ABCF50E3E280700E30885 /* Icon.png */; };
		549913C70E3E3D2100BD1311 /* Default.png in Resources */ = {isa = PBXBuildFile; fileRef = 549913C60E3E3D2100BD1311 /* Default.png */; };
		54A4A00312211BFD006678AF /* libcv.a in Frameworks */ = {isa = PBXBuildFile; fileRef = 54A4A00212211BFD006678AF /* libcv.a */; };
		54A4A00512211C0D006678AF /* libcxcore.a in Frameworks */ = {isa = PBXBuildFile; fileRef = 54A4A00412211C0D006678AF /* libcxcore.a */; };
		54A4A00A12211DC3006678AF /* libopencv_lapack.a in Frameworks */ = {isa = PBXBuildFile; fileRef = 54A4A00912211DC3006678AF /* libopencv_lapack.a */; };
		54BBAF3D0F04148D00568ED9 /* Tink.aiff in Resources */ = {isa = PBXBuildFile; fileRef = 54BBAF3C0F04148D00568ED9 /* Tink.aiff */; };
		54BBAF4F0F0414C200568ED9 /* AudioToolbox.framework in Frameworks */ = {isa = PBXBuildFile; fileRef = 54BBAF4E0F0414C200568ED9 /* AudioToolbox.framework */; };
		54FC5BDE0E3EB3EB00F48645 /* laughing_man.png in Resources */ = {isa = PBXBuildFile; fileRef = 54FC5BDD0E3EB3EB00F48645 /* laughing_man.png */; };
/* End PBXBuildFile section */

/* Begin PBXFileReference section */
		1D30AB110D05D00D00671497 /* Foundation.framework */ = {isa = PBXFileReference; lastKnownFileType = wrapper.framework; name = Foundation.framework; path = System/Library/Frameworks/Foundation.framework; sourceTree = SDKROOT; };
		1D3623240D0F684500981E51 /* OpenCVTestAppDelegate.h */ = {isa = PBXFileReference; fileEncoding = 4; lastKnownFileType = sourcecode.c.h; path = OpenCVTestAppDelegate.h; sourceTree = "<group>"; };
		1D3623250D0F684500981E51 /* OpenCVTestAppDelegate.m */ = {isa = PBXFileReference; fileEncoding = 4; lastKnownFileType = sourcecode.c.objc; path = OpenCVTestAppDelegate.m; sourceTree = "<group>"; };
		1DF5F4DF0D08C38300B7A737 /* UIKit.framework */ = {isa = PBXFileReference; lastKnownFileType = wrapper.framework; name = UIKit.framework; path = System/Library/Frameworks/UIKit.framework; sourceTree = SDKROOT; };
		28AD733E0D9D9553002E5188 /* MainWindow.xib */ = {isa = PBXFileReference; lastKnownFileType = file.xib; path = MainWindow.xib; sourceTree = "<group>"; };
		28D7ACF60DDB3853001CB0EB /* OpenCVTestViewController.h */ = {isa = PBXFileReference; fileEncoding = 4; lastKnownFileType = sourcecode.c.h; path = OpenCVTestViewController.h; sourceTree = "<group>"; };
		28D7ACF70DDB3853001CB0EB /* OpenCVTestViewController.m */ = {isa = PBXFileReference; fileEncoding = 4; lastKnownFileType = sourcecode.c.objc; path = OpenCVTestViewController.m; sourceTree = "<group>"; };
		29B97316FDCFA39411CA2CEA /* main.m */ = {isa = PBXFileReference; fileEncoding = 4; lastKnownFileType = sourcecode.c.objc; path = main.m; sourceTree = "<group>"; };
		32CA4F630368D1EE00C91783 /* OpenCVTest_Prefix.pch */ = {isa = PBXFileReference; fileEncoding = 4; lastKnownFileType = sourcecode.c.h; path = OpenCVTest_Prefix.pch; sourceTree = "<group>"; };
		540723ED0E3DD25B00B598A2 /* OpenCVTest.app */ = {isa = PBXFileReference; explicitFileType = wrapper.application; includeInIndex = 0; path = OpenCVTest.app; sourceTree = BUILT_PRODUCTS_DIR; };
		540ABC6A0E3E1C5300E30885 /* haarcascade_frontalface_default.xml */ = {isa = PBXFileReference; fileEncoding = 4; lastKnownFileType = text.xml; name = haarcascade_frontalface_default.xml; path = opencv_device/share/opencv/haarcascades/haarcascade_frontalface_default.xml; sourceTree = "<group>"; };
		540ABCF50E3E280700E30885 /* Icon.png */ = {isa = PBXFileReference; lastKnownFileType = image.png; path = Icon.png; sourceTree = "<group>"; };
		5452E0090E3D08AA00FE4518 /* lena.jpg */ = {isa = PBXFileReference; lastKnownFileType = image.jpeg; path = lena.jpg; sourceTree = "<group>"; };
		5452E0730E3D119700FE4518 /* CoreGraphics.framework */ = {isa = PBXFileReference; lastKnownFileType = wrapper.framework; name = CoreGraphics.framework; path = System/Library/Frameworks/CoreGraphics.framework; sourceTree = SDKROOT; };
		549913C60E3E3D2100BD1311 /* Default.png */ = {isa = PBXFileReference; lastKnownFileType = image.png; path = Default.png; sourceTree = "<group>"; };
		54A4A00212211BFD006678AF /* libcv.a */ = {isa = PBXFileReference; lastKnownFileType = archive.ar; name = libcv.a; path = opencv_device/lib/libcv.a; sourceTree = "<group>"; };
		54A4A00412211C0D006678AF /* libcxcore.a */ = {isa = PBXFileReference; lastKnownFileType = archive.ar; name = libcxcore.a; path = opencv_device/lib/libcxcore.a; sourceTree = "<group>"; };
		54A4A00912211DC3006678AF /* libopencv_lapack.a */ = {isa = PBXFileReference; lastKnownFileType = archive.ar; name = libopencv_lapack.a; path = opencv_device/lib/libopencv_lapack.a; sourceTree = "<group>"; };
		54BBAF3C0F04148D00568ED9 /* Tink.aiff */ = {isa = PBXFileReference; lastKnownFileType = audio.aiff; path = Tink.aiff; sourceTree = "<group>"; };
		54BBAF4E0F0414C200568ED9 /* AudioToolbox.framework */ = {isa = PBXFileReference; lastKnownFileType = wrapper.framework; name = AudioToolbox.framework; path = System/Library/Frameworks/AudioToolbox.framework; sourceTree = SDKROOT; };
		54FC5BDD0E3EB3EB00F48645 /* laughing_man.png */ = {isa = PBXFileReference; lastKnownFileType = image.png; path = laughing_man.png; sourceTree = "<group>"; };
		8D1107310486CEB800E47090 /* Info.plist */ = {isa = PBXFileReference; fileEncoding = 4; lastKnownFileType = text.plist.xml; path = Info.plist; sourceTree = "<group>"; };
/* End PBXFileReference section */

/* Begin PBXFrameworksBuildPhase section */
		540723E10E3DD25B00B598A2 /* Frameworks */ = {
			isa = PBXFrameworksBuildPhase;
			buildActionMask = 2147483647;
			files = (
				540723E20E3DD25B00B598A2 /* Foundation.framework in Frameworks */,
				540723E30E3DD25B00B598A2 /* UIKit.framework in Frameworks */,
				540723E40E3DD25B00B598A2 /* CoreGraphics.framework in Frameworks */,
				54BBAF4F0F0414C200568ED9 /* AudioToolbox.framework in Frameworks */,
				54A4A00312211BFD006678AF /* libcv.a in Frameworks */,
				54A4A00512211C0D006678AF /* libcxcore.a in Frameworks */,
				54A4A00A12211DC3006678AF /* libopencv_lapack.a in Frameworks */,
			);
			runOnlyForDeploymentPostprocessing = 0;
		};
/* End PBXFrameworksBuildPhase section */

/* Begin PBXGroup section */
		080E96DDFE201D6D7F000001 /* Classes */ = {
			isa = PBXGroup;
			children = (
				1D3623240D0F684500981E51 /* OpenCVTestAppDelegate.h */,
				1D3623250D0F684500981E51 /* OpenCVTestAppDelegate.m */,
				28D7ACF60DDB3853001CB0EB /* OpenCVTestViewController.h */,
				28D7ACF70DDB3853001CB0EB /* OpenCVTestViewController.m */,
			);
			path = Classes;
			sourceTree = "<group>";
		};
		19C28FACFE9D520D11CA2CBB /* Products */ = {
			isa = PBXGroup;
			children = (
				540723ED0E3DD25B00B598A2 /* OpenCVTest.app */,
			);
			name = Products;
			sourceTree = "<group>";
		};
		29B97314FDCFA39411CA2CEA /* CustomTemplate */ = {
			isa = PBXGroup;
			children = (
				080E96DDFE201D6D7F000001 /* Classes */,
				29B97315FDCFA39411CA2CEA /* Other Sources */,
				29B97317FDCFA39411CA2CEA /* Resources */,
				540723F00E3DD28C00B598A2 /* Libraries */,
				29B97323FDCFA39411CA2CEA /* Frameworks */,
				19C28FACFE9D520D11CA2CBB /* Products */,
			);
			name = CustomTemplate;
			sourceTree = "<group>";
		};
		29B97315FDCFA39411CA2CEA /* Other Sources */ = {
			isa = PBXGroup;
			children = (
				32CA4F630368D1EE00C91783 /* OpenCVTest_Prefix.pch */,
				29B97316FDCFA39411CA2CEA /* main.m */,
			);
			name = "Other Sources";
			sourceTree = "<group>";
		};
		29B97317FDCFA39411CA2CEA /* Resources */ = {
			isa = PBXGroup;
			children = (
				54BBAF3C0F04148D00568ED9 /* Tink.aiff */,
				54FC5BDD0E3EB3EB00F48645 /* laughing_man.png */,
				540ABCF50E3E280700E30885 /* Icon.png */,
				540ABC6A0E3E1C5300E30885 /* haarcascade_frontalface_default.xml */,
				5452E0090E3D08AA00FE4518 /* lena.jpg */,
				28AD733E0D9D9553002E5188 /* MainWindow.xib */,
				8D1107310486CEB800E47090 /* Info.plist */,
				549913C60E3E3D2100BD1311 /* Default.png */,
			);
			name = Resources;
			sourceTree = "<group>";
		};
		29B97323FDCFA39411CA2CEA /* Frameworks */ = {
			isa = PBXGroup;
			children = (
				54BBAF4E0F0414C200568ED9 /* AudioToolbox.framework */,
				5452E0730E3D119700FE4518 /* CoreGraphics.framework */,
				1DF5F4DF0D08C38300B7A737 /* UIKit.framework */,
				1D30AB110D05D00D00671497 /* Foundation.framework */,
			);
			name = Frameworks;
			sourceTree = "<group>";
		};
		540723F00E3DD28C00B598A2 /* Libraries */ = {
			isa = PBXGroup;
			children = (
				54A4A00212211BFD006678AF /* libcv.a */,
				54A4A00412211C0D006678AF /* libcxcore.a */,
				54A4A00912211DC3006678AF /* libopencv_lapack.a */,
			);
			name = Libraries;
			sourceTree = "<group>";
		};
/* End PBXGroup section */

/* Begin PBXNativeTarget section */
		540723D90E3DD25B00B598A2 /* OpenCVTest */ = {
			isa = PBXNativeTarget;
			buildConfigurationList = 540723EA0E3DD25B00B598A2 /* Build configuration list for PBXNativeTarget "OpenCVTest" */;
			buildPhases = (
				540723DA0E3DD25B00B598A2 /* Resources */,
				540723DD0E3DD25B00B598A2 /* Sources */,
				540723E10E3DD25B00B598A2 /* Frameworks */,
			);
			buildRules = (
			);
			dependencies = (
			);
			name = OpenCVTest;
			productName = OpenCVTest;
			productReference = 540723ED0E3DD25B00B598A2 /* OpenCVTest.app */;
			productType = "com.apple.product-type.application";
		};
/* End PBXNativeTarget section */

/* Begin PBXProject section */
		29B97313FDCFA39411CA2CEA /* Project object */ = {
			isa = PBXProject;
			buildConfigurationList = C01FCF4E08A954540054247B /* Build configuration list for PBXProject "OpenCVTest" */;
			compatibilityVersion = "Xcode 3.1";
			hasScannedForEncodings = 1;
			mainGroup = 29B97314FDCFA39411CA2CEA /* CustomTemplate */;
			projectDirPath = "";
			projectRoot = "";
			targets = (
				540723D90E3DD25B00B598A2 /* OpenCVTest */,
			);
		};
/* End PBXProject section */

/* Begin PBXResourcesBuildPhase section */
		540723DA0E3DD25B00B598A2 /* Resources */ = {
			isa = PBXResourcesBuildPhase;
			buildActionMask = 2147483647;
			files = (
				540723DB0E3DD25B00B598A2 /* MainWindow.xib in Resources */,
				540723DC0E3DD25B00B598A2 /* lena.jpg in Resources */,
				540ABC6B0E3E1C5300E30885 /* haarcascade_frontalface_default.xml in Resources */,
				540ABCF60E3E280700E30885 /* Icon.png in Resources */,
				549913C70E3E3D2100BD1311 /* Default.png in Resources */,
				54FC5BDE0E3EB3EB00F48645 /* laughing_man.png in Resources */,
				54BBAF3D0F04148D00568ED9 /* Tink.aiff in Resources */,
			);
			runOnlyForDeploymentPostprocessing = 0;
		};
/* End PBXResourcesBuildPhase section */

/* Begin PBXSourcesBuildPhase section */
		540723DD0E3DD25B00B598A2 /* Sources */ = {
			isa = PBXSourcesBuildPhase;
			buildActionMask = 2147483647;
			files = (
				540723DE0E3DD25B00B598A2 /* main.m in Sources */,
				540723DF0E3DD25B00B598A2 /* OpenCVTestAppDelegate.m in Sources */,
				540723E00E3DD25B00B598A2 /* OpenCVTestViewController.m in Sources */,
			);
			runOnlyForDeploymentPostprocessing = 0;
		};
/* End PBXSourcesBuildPhase section */

/* Begin XCBuildConfiguration section */
		540723EB0E3DD25B00B598A2 /* Debug */ = {
			isa = XCBuildConfiguration;
			buildSettings = {
				ALWAYS_SEARCH_USER_PATHS = NO;
				COPY_PHASE_STRIP = NO;
				GCC_DYNAMIC_NO_PIC = NO;
				GCC_OPTIMIZATION_LEVEL = 0;
				GCC_PRECOMPILE_PREFIX_HEADER = YES;
				GCC_PREFIX_HEADER = OpenCVTest_Prefix.pch;
				"HEADER_SEARCH_PATHS[sdk=iphoneos*][arch=*]" = "$(SRCROOT)/opencv_device/include";
				"HEADER_SEARCH_PATHS[sdk=iphonesimulator*][arch=*]" = "$(SRCROOT)/opencv_simulator/include";
				INFOPLIST_FILE = Info.plist;
				LIBRARY_SEARCH_PATHS = (
					"$(inherited)",
					"\"$(SRCROOT)/opencv_device/lib\"",
				);
				"LIBRARY_SEARCH_PATHS[sdk=iphoneos*][arch=*]" = "$(SRCROOT)/opencv_device/lib";
				"LIBRARY_SEARCH_PATHS[sdk=iphonesimulator*][arch=*]" = "$(SRCROOT)/opencv_simulator/lib";
				OTHER_LDFLAGS = (
					"-lstdc++",
					"-lz",
				);
				PRODUCT_NAME = OpenCVTest;
			};
			name = Debug;
		};
		540723EC0E3DD25B00B598A2 /* Release */ = {
			isa = XCBuildConfiguration;
			buildSettings = {
				ALWAYS_SEARCH_USER_PATHS = NO;
				COPY_PHASE_STRIP = YES;
				GCC_PRECOMPILE_PREFIX_HEADER = YES;
				GCC_PREFIX_HEADER = OpenCVTest_Prefix.pch;
				"HEADER_SEARCH_PATHS[sdk=iphoneos*][arch=*]" = "$(SRCROOT)/opencv_device/include";
				"HEADER_SEARCH_PATHS[sdk=iphonesimulator*][arch=*]" = "$(SRCROOT)/opencv_simulator/include";
				INFOPLIST_FILE = Info.plist;
				LIBRARY_SEARCH_PATHS = (
					"$(inherited)",
					"\"$(SRCROOT)/opencv_device/lib\"",
				);
				"LIBRARY_SEARCH_PATHS[sdk=iphoneos*][arch=*]" = "$(SRCROOT)/opencv_device/lib";
				"LIBRARY_SEARCH_PATHS[sdk=iphonesimulator*][arch=*]" = "$(SRCROOT)/opencv_simulator/lib";
				OTHER_LDFLAGS = (
					"-lstdc++",
					"-lz",
				);
				PRODUCT_NAME = OpenCVTest;
			};
			name = Release;
		};
		C01FCF4F08A954540054247B /* Debug */ = {
			isa = XCBuildConfiguration;
			buildSettings = {
				ARCHS = "$(ARCHS_STANDARD_32_BIT)";
				"CODE_SIGN_IDENTITY[sdk=iphoneos*]" = "iPhone Developer";
				GCC_C_LANGUAGE_STANDARD = c99;
				GCC_WARN_ABOUT_RETURN_TYPE = YES;
				GCC_WARN_UNUSED_VARIABLE = YES;
				IPHONEOS_DEPLOYMENT_TARGET = 3.0;
				ONLY_ACTIVE_ARCH = YES;
				PREBINDING = NO;
				SDKROOT = iphoneos4.0;
			};
			name = Debug;
		};
		C01FCF5008A954540054247B /* Release */ = {
			isa = XCBuildConfiguration;
			buildSettings = {
				ARCHS = "$(ARCHS_STANDARD_32_BIT)";
				"CODE_SIGN_IDENTITY[sdk=iphoneos*]" = "iPhone Developer";
				GCC_C_LANGUAGE_STANDARD = c99;
				GCC_WARN_ABOUT_RETURN_TYPE = YES;
				GCC_WARN_UNUSED_VARIABLE = YES;
				IPHONEOS_DEPLOYMENT_TARGET = 3.0;
				PREBINDING = NO;
				SDKROOT = iphoneos4.0;
			};
			name = Release;
		};
/* End XCBuildConfiguration section */

/* Begin XCConfigurationList section */
		540723EA0E3DD25B00B598A2 /* Build configuration list for PBXNativeTarget "OpenCVTest" */ = {
			isa = XCConfigurationList;
			buildConfigurations = (
				540723EB0E3DD25B00B598A2 /* Debug */,
				540723EC0E3DD25B00B598A2 /* Release */,
			);
			defaultConfigurationIsVisible = 0;
			defaultConfigurationName = Release;
		};
		C01FCF4E08A954540054247B /* Build configuration list for PBXProject "OpenCVTest" */ = {
			isa = XCConfigurationList;
			buildConfigurations = (
				C01FCF4F08A954540054247B /* Debug */,
				C01FCF5008A954540054247B /* Release */,
			);
			defaultConfigurationIsVisible = 0;
			defaultConfigurationName = Release;
		};
/* End XCConfigurationList section */
	};
	rootObject = 29B97313FDCFA39411CA2CEA /* Project object */;
}
